// !$*UTF8*$!
{
	archiveVersion = 1;
	classes = {
	};
	objectVersion = 46;
	objects = {

/* Begin PBXBuildFile section */
		ACD3FAFE1E1E1FEC00C78152 /* AppDelegate.swift in Sources */ = {isa = PBXBuildFile; fileRef = ACD3FAFD1E1E1FEC00C78152 /* AppDelegate.swift */; };
		ACD3FB031E1E1FEC00C78152 /* Main.storyboard in Resources */ = {isa = PBXBuildFile; fileRef = ACD3FB011E1E1FEC00C78152 /* Main.storyboard */; };
		ACD3FB051E1E1FEC00C78152 /* Assets.xcassets in Resources */ = {isa = PBXBuildFile; fileRef = ACD3FB041E1E1FEC00C78152 /* Assets.xcassets */; };
		ACD3FB081E1E1FEC00C78152 /* LaunchScreen.storyboard in Resources */ = {isa = PBXBuildFile; fileRef = ACD3FB061E1E1FEC00C78152 /* LaunchScreen.storyboard */; };
		ACD3FB101E1E280C00C78152 /* RestaurantCellTableViewCell.swift in Sources */ = {isa = PBXBuildFile; fileRef = ACD3FB0F1E1E280C00C78152 /* RestaurantCellTableViewCell.swift */; };
		ACD3FB121E1E282C00C78152 /* RestaurantTableViewController.swift in Sources */ = {isa = PBXBuildFile; fileRef = ACD3FB111E1E282C00C78152 /* RestaurantTableViewController.swift */; };
		ACD3FB141E22425D00C78152 /* RestaurantDetailViewController.swift in Sources */ = {isa = PBXBuildFile; fileRef = ACD3FB131E22425D00C78152 /* RestaurantDetailViewController.swift */; };
		ACD3FB161E22575000C78152 /* Restaurant.swift in Sources */ = {isa = PBXBuildFile; fileRef = ACD3FB151E22575000C78152 /* Restaurant.swift */; };
		ACD3FB181E250A9D00C78152 /* RestaurantDetailTableViewCell.swift in Sources */ = {isa = PBXBuildFile; fileRef = ACD3FB171E250A9D00C78152 /* RestaurantDetailTableViewCell.swift */; };
/* End PBXBuildFile section */

/* Begin PBXFileReference section */
		ACD3FAFA1E1E1FEC00C78152 /* TableViewTest.app */ = {isa = PBXFileReference; explicitFileType = wrapper.application; includeInIndex = 0; path = TableViewTest.app; sourceTree = BUILT_PRODUCTS_DIR; };
		ACD3FAFD1E1E1FEC00C78152 /* AppDelegate.swift */ = {isa = PBXFileReference; lastKnownFileType = sourcecode.swift; path = AppDelegate.swift; sourceTree = "<group>"; };
		ACD3FB021E1E1FEC00C78152 /* Base */ = {isa = PBXFileReference; lastKnownFileType = file.storyboard; name = Base; path = Base.lproj/Main.storyboard; sourceTree = "<group>"; };
		ACD3FB041E1E1FEC00C78152 /* Assets.xcassets */ = {isa = PBXFileReference; lastKnownFileType = folder.assetcatalog; path = Assets.xcassets; sourceTree = "<group>"; };
		ACD3FB071E1E1FEC00C78152 /* Base */ = {isa = PBXFileReference; lastKnownFileType = file.storyboard; name = Base; path = Base.lproj/LaunchScreen.storyboard; sourceTree = "<group>"; };
		ACD3FB091E1E1FEC00C78152 /* Info.plist */ = {isa = PBXFileReference; lastKnownFileType = text.plist.xml; path = Info.plist; sourceTree = "<group>"; };
		ACD3FB0F1E1E280C00C78152 /* RestaurantCellTableViewCell.swift */ = {isa = PBXFileReference; fileEncoding = 4; lastKnownFileType = sourcecode.swift; path = RestaurantCellTableViewCell.swift; sourceTree = "<group>"; };
		ACD3FB111E1E282C00C78152 /* RestaurantTableViewController.swift */ = {isa = PBXFileReference; fileEncoding = 4; lastKnownFileType = sourcecode.swift; path = RestaurantTableViewController.swift; sourceTree = "<group>"; };
		ACD3FB131E22425D00C78152 /* RestaurantDetailViewController.swift */ = {isa = PBXFileReference; fileEncoding = 4; lastKnownFileType = sourcecode.swift; path = RestaurantDetailViewController.swift; sourceTree = "<group>"; };
		ACD3FB151E22575000C78152 /* Restaurant.swift */ = {isa = PBXFileReference; fileEncoding = 4; lastKnownFileType = sourcecode.swift; path = Restaurant.swift; sourceTree = "<group>"; };
		ACD3FB171E250A9D00C78152 /* RestaurantDetailTableViewCell.swift */ = {isa = PBXFileReference; fileEncoding = 4; lastKnownFileType = sourcecode.swift; path = RestaurantDetailTableViewCell.swift; sourceTree = "<group>"; };
/* End PBXFileReference section */

/* Begin PBXFrameworksBuildPhase section */
		ACD3FAF71E1E1FEC00C78152 /* Frameworks */ = {
			isa = PBXFrameworksBuildPhase;
			buildActionMask = 2147483647;
			files = (
			);
			runOnlyForDeploymentPostprocessing = 0;
		};
/* End PBXFrameworksBuildPhase section */

/* Begin PBXGroup section */
		ACD3FAF11E1E1FEC00C78152 = {
			isa = PBXGroup;
			children = (
				ACD3FAFC1E1E1FEC00C78152 /* TableViewTest */,
				ACD3FAFB1E1E1FEC00C78152 /* Products */,
			);
			sourceTree = "<group>";
		};
		ACD3FAFB1E1E1FEC00C78152 /* Products */ = {
			isa = PBXGroup;
			children = (
				ACD3FAFA1E1E1FEC00C78152 /* TableViewTest.app */,
			);
			name = Products;
			sourceTree = "<group>";
		};
		ACD3FAFC1E1E1FEC00C78152 /* TableViewTest */ = {
			isa = PBXGroup;
			children = (
				ACD3FAFD1E1E1FEC00C78152 /* AppDelegate.swift */,
				ACD3FB011E1E1FEC00C78152 /* Main.storyboard */,
				ACD3FB041E1E1FEC00C78152 /* Assets.xcassets */,
				ACD3FB061E1E1FEC00C78152 /* LaunchScreen.storyboard */,
				ACD3FB091E1E1FEC00C78152 /* Info.plist */,
				ACD3FB0F1E1E280C00C78152 /* RestaurantCellTableViewCell.swift */,
				ACD3FB111E1E282C00C78152 /* RestaurantTableViewController.swift */,
				ACD3FB131E22425D00C78152 /* RestaurantDetailViewController.swift */,
				ACD3FB151E22575000C78152 /* Restaurant.swift */,
				ACD3FB171E250A9D00C78152 /* RestaurantDetailTableViewCell.swift */,
			);
			path = TableViewTest;
			sourceTree = "<group>";
		};
/* End PBXGroup section */

/* Begin PBXNativeTarget section */
		ACD3FAF91E1E1FEC00C78152 /* TableViewTest */ = {
			isa = PBXNativeTarget;
			buildConfigurationList = ACD3FB0C1E1E1FEC00C78152 /* Build configuration list for PBXNativeTarget "TableViewTest" */;
			buildPhases = (
				ACD3FAF61E1E1FEC00C78152 /* Sources */,
				ACD3FAF71E1E1FEC00C78152 /* Frameworks */,
				ACD3FAF81E1E1FEC00C78152 /* Resources */,
			);
			buildRules = (
			);
			dependencies = (
			);
			name = TableViewTest;
			productName = TableViewTest;
			productReference = ACD3FAFA1E1E1FEC00C78152 /* TableViewTest.app */;
			productType = "com.apple.product-type.application";
		};
/* End PBXNativeTarget section */

/* Begin PBXProject section */
		ACD3FAF21E1E1FEC00C78152 /* Project object */ = {
			isa = PBXProject;
			attributes = {
				LastSwiftUpdateCheck = 0800;
				LastUpgradeCheck = 0800;
				ORGANIZATIONNAME = ChinBuck;
				TargetAttributes = {
					ACD3FAF91E1E1FEC00C78152 = {
						CreatedOnToolsVersion = 8.0;
						ProvisioningStyle = Automatic;
					};
				};
			};
			buildConfigurationList = ACD3FAF51E1E1FEC00C78152 /* Build configuration list for PBXProject "TableViewTest" */;
			compatibilityVersion = "Xcode 3.2";
			developmentRegion = English;
			hasScannedForEncodings = 0;
			knownRegions = (
				en,
				Base,
			);
			mainGroup = ACD3FAF11E1E1FEC00C78152;
			productRefGroup = ACD3FAFB1E1E1FEC00C78152 /* Products */;
			projectDirPath = "";
			projectRoot = "";
			targets = (
				ACD3FAF91E1E1FEC00C78152 /* TableViewTest */,
			);
		};
/* End PBXProject section */

/* Begin PBXResourcesBuildPhase section */
		ACD3FAF81E1E1FEC00C78152 /* Resources */ = {
			isa = PBXResourcesBuildPhase;
			buildActionMask = 2147483647;
			files = (
				ACD3FB081E1E1FEC00C78152 /* LaunchScreen.storyboard in Resources */,
				ACD3FB051E1E1FEC00C78152 /* Assets.xcassets in Resources */,
				ACD3FB031E1E1FEC00C78152 /* Main.storyboard in Resources */,
			);
			runOnlyForDeploymentPostprocessing = 0;
		};
/* End PBXResourcesBuildPhase section */

/* Begin PBXSourcesBuildPhase section */
		ACD3FAF61E1E1FEC00C78152 /* Sources */ = {
			isa = PBXSourcesBuildPhase;
			buildActionMask = 2147483647;
			files = (
				ACD3FB161E22575000C78152 /* Restaurant.swift in Sources */,
				ACD3FB101E1E280C00C78152 /* RestaurantCellTableViewCell.swift in Sources */,
				ACD3FAFE1E1E1FEC00C78152 /* AppDelegate.swift in Sources */,
				ACD3FB181E250A9D00C78152 /* RestaurantDetailTableViewCell.swift in Sources */,
				ACD3FB141E22425D00C78152 /* RestaurantDetailViewController.swift in Sources */,
				ACD3FB121E1E282C00C78152 /* RestaurantTableViewController.swift in Sources */,
			);
			runOnlyForDeploymentPostprocessing = 0;
		};
/* End PBXSourcesBuildPhase section */

/* Begin PBXVariantGroup section */
		ACD3FB011E1E1FEC00C78152 /* Main.storyboard */ = {
			isa = PBXVariantGroup;
			children = (
				ACD3FB021E1E1FEC00C78152 /* Base */,
			);
			name = Main.storyboard;
			sourceTree = "<group>";
		};
		ACD3FB061E1E1FEC00C78152 /* LaunchScreen.storyboard */ = {
			isa = PBXVariantGroup;
			children = (
				ACD3FB071E1E1FEC00C78152 /* Base */,
			);
			name = LaunchScreen.storyboard;
			sourceTree = "<group>";
		};
/* End PBXVariantGroup section */

/* Begin XCBuildConfiguration section */
		ACD3FB0A1E1E1FEC00C78152 /* Debug */ = {
			isa = XCBuildConfiguration;
			buildSettings = {
				ALWAYS_SEARCH_USER_PATHS = NO;
				CLANG_ANALYZER_NONNULL = YES;
				CLANG_CXX_LANGUAGE_STANDARD = "gnu++0x";
				CLANG_CXX_LIBRARY = "libc++";
				CLANG_ENABLE_MODULES = YES;
				CLANG_ENABLE_OBJC_ARC = YES;
				CLANG_WARN_BOOL_CONVERSION = YES;
				CLANG_WARN_CONSTANT_CONVERSION = YES;
				CLANG_WARN_DIRECT_OBJC_ISA_USAGE = YES_ERROR;
				CLANG_WARN_DOCUMENTATION_COMMENTS = YES;
				CLANG_WARN_EMPTY_BODY = YES;
				CLANG_WARN_ENUM_CONVERSION = YES;
				CLANG_WARN_INFINITE_RECURSION = YES;
				CLANG_WARN_INT_CONVERSION = YES;
				CLANG_WARN_OBJC_ROOT_CLASS = YES_ERROR;
				CLANG_WARN_SUSPICIOUS_MOVES = YES;
				CLANG_WARN_UNREACHABLE_CODE = YES;
				CLANG_WARN__DUPLICATE_METHOD_MATCH = YES;
				"CODE_SIGN_IDENTITY[sdk=iphoneos*]" = "iPhone Developer";
				COPY_PHASE_STRIP = NO;
				DEBUG_INFORMATION_FORMAT = dwarf;
				ENABLE_STRICT_OBJC_MSGSEND = YES;
				ENABLE_TESTABILITY = YES;
				GCC_C_LANGUAGE_STANDARD = gnu99;
				GCC_DYNAMIC_NO_PIC = NO;
				GCC_NO_COMMON_BLOCKS = YES;
				GCC_OPTIMIZATION_LEVEL = 0;
				GCC_PREPROCESSOR_DEFINITIONS = (
					"DEBUG=1",
					"$(inherited)",
				);
				GCC_WARN_64_TO_32_BIT_CONVERSION = YES;
				GCC_WARN_ABOUT_RETURN_TYPE = YES_ERROR;
				GCC_WARN_UNDECLARED_SELECTOR = YES;
				GCC_WARN_UNINITIALIZED_AUTOS = YES_AGGRESSIVE;
				GCC_WARN_UNUSED_FUNCTION = YES;
				GCC_WARN_UNUSED_VARIABLE = YES;
				IPHONEOS_DEPLOYMENT_TARGET = 10.0;
				MTL_ENABLE_DEBUG_INFO = YES;
				ONLY_ACTIVE_ARCH = YES;
				SDKROOT = iphoneos;
				SWIFT_ACTIVE_COMPILATION_CONDITIONS = DEBUG;
				SWIFT_OPTIMIZATION_LEVEL = "-Onone";
				TARGETED_DEVICE_FAMILY = "1,2";
			};
			name = Debug;
		};
		ACD3FB0B1E1E1FEC00C78152 /* Release */ = {
			isa = XCBuildConfiguration;
			buildSettings = {
				ALWAYS_SEARCH_USER_PATHS = NO;
				CLANG_ANALYZER_NONNULL = YES;
				CLANG_CXX_LANGUAGE_STANDARD = "gnu++0x";
				CLANG_CXX_LIBRARY = "libc++";
				CLANG_ENABLE_MODULES = YES;
				CLANG_ENABLE_OBJC_ARC = YES;
				CLANG_WARN_BOOL_CONVERSION = YES;
				CLANG_WARN_CONSTANT_CONVERSION = YES;
				CLANG_WARN_DIRECT_OBJC_ISA_USAGE = YES_ERROR;
				CLANG_WARN_DOCUMENTATION_COMMENTS = YES;
				CLANG_WARN_EMPTY_BODY = YES;
				CLANG_WARN_ENUM_CONVERSION = YES;
				CLANG_WARN_INFINITE_RECURSION = YES;
				CLANG_WARN_INT_CONVERSION = YES;
				CLANG_WARN_OBJC_ROOT_CLASS = YES_ERROR;
				CLANG_WARN_SUSPICIOUS_MOVES = YES;
				CLANG_WARN_UNREACHABLE_CODE = YES;
				CLANG_WARN__DUPLICATE_METHOD_MATCH = YES;
				"CODE_SIGN_IDENTITY[sdk=iphoneos*]" = "iPhone Developer";
				COPY_PHASE_STRIP = NO;
				DEBUG_INFORMATION_FORMAT = "dwarf-with-dsym";
				ENABLE_NS_ASSERTIONS = NO;
				ENABLE_STRICT_OBJC_MSGSEND = YES;
				GCC_C_LANGUAGE_STANDARD = gnu99;
				GCC_NO_COMMON_BLOCKS = YES;
				GCC_WARN_64_TO_32_BIT_CONVERSION = YES;
				GCC_WARN_ABOUT_RETURN_TYPE = YES_ERROR;
				GCC_WARN_UNDECLARED_SELECTOR = YES;
				GCC_WARN_UNINITIALIZED_AUTOS = YES_AGGRESSIVE;
				GCC_WARN_UNUSED_FUNCTION = YES;
				GCC_WARN_UNUSED_VARIABLE = YES;
				IPHONEOS_DEPLOYMENT_TARGET = 10.0;
				MTL_ENABLE_DEBUG_INFO = NO;
				SDKROOT = iphoneos;
				SWIFT_OPTIMIZATION_LEVEL = "-Owholemodule";
				TARGETED_DEVICE_FAMILY = "1,2";
				VALIDATE_PRODUCT = YES;
			};
			name = Release;
		};
		ACD3FB0D1E1E1FEC00C78152 /* Debug */ = {
			isa = XCBuildConfiguration;
			buildSettings = {
				ASSETCATALOG_COMPILER_APPICON_NAME = AppIcon;
				INFOPLIST_FILE = TableViewTest/Info.plist;
				LD_RUNPATH_SEARCH_PATHS = "$(inherited) @executable_path/Frameworks";
				PRODUCT_BUNDLE_IDENTIFIER = First.Hello.TableViewTest;
				PRODUCT_NAME = "$(TARGET_NAME)";
				SWIFT_VERSION = 3.0;
			};
			name = Debug;
		};
		ACD3FB0E1E1E1FEC00C78152 /* Release */ = {
			isa = XCBuildConfiguration;
			buildSettings = {
				ASSETCATALOG_COMPILER_APPICON_NAME = AppIcon;
				INFOPLIST_FILE = TableViewTest/Info.plist;
				LD_RUNPATH_SEARCH_PATHS = "$(inherited) @executable_path/Frameworks";
				PRODUCT_BUNDLE_IDENTIFIER = First.Hello.TableViewTest;
				PRODUCT_NAME = "$(TARGET_NAME)";
				SWIFT_VERSION = 3.0;
			};
			name = Release;
		};
/* End XCBuildConfiguration section */

/* Begin XCConfigurationList section */
		ACD3FAF51E1E1FEC00C78152 /* Build configuration list for PBXProject "TableViewTest" */ = {
			isa = XCConfigurationList;
			buildConfigurations = (
				ACD3FB0A1E1E1FEC00C78152 /* Debug */,
				ACD3FB0B1E1E1FEC00C78152 /* Release */,
			);
			defaultConfigurationIsVisible = 0;
			defaultConfigurationName = Release;
		};
		ACD3FB0C1E1E1FEC00C78152 /* Build configuration list for PBXNativeTarget "TableViewTest" */ = {
			isa = XCConfigurationList;
			buildConfigurations = (
				ACD3FB0D1E1E1FEC00C78152 /* Debug */,
				ACD3FB0E1E1E1FEC00C78152 /* Release */,
			);
			defaultConfigurationIsVisible = 0;
		};
/* End XCConfigurationList section */
	};
	rootObject = ACD3FAF21E1E1FEC00C78152 /* Project object */;
}
